
Microsoft Visual Studio Solution File, Format Version 12.00
# Visual Studio Version 16
VisualStudioVersion = 16.0.30611.23
MinimumVisualStudioVersion = 15.0.26124.0
Project("{9A19103F-16F7-4668-BE54-9A1E7A4F7556}") = "Api.Application", "Api.Application\Api.Application.csproj", "{257B3BFE-8B56-4B72-B1B2-AB2BC013A2D4}"
EndProject
Project("{9A19103F-16F7-4668-BE54-9A1E7A4F7556}") = "Domain", "Api.Domain\Domain.csproj", "{12D07A4D-98F3-4EF8-8646-6B8CC4DA320F}"
EndProject
Project("{9A19103F-16F7-4668-BE54-9A1E7A4F7556}") = "Api.CrossCutting", "Api.CrossCutting\Api.CrossCutting.csproj", "{307B22CC-91E4-4424-8CE3-FA0C867726FB}"
EndProject
Project("{9A19103F-16F7-4668-BE54-9A1E7A4F7556}") = "Data", "Api.Data\Data.csproj", "{A5D74570-92CF-4C21-A915-DFC3C85AE554}"
EndProject
Project("{9A19103F-16F7-4668-BE54-9A1E7A4F7556}") = "Service", "Api.Service\Service.csproj", "{1CFC54CF-B8C2-4537-ADBD-693E7196DD70}"
EndProject
Project("{9A19103F-16F7-4668-BE54-9A1E7A4F7556}") = "Api.Service.Test", "api.Service.Test\Api.Service.Test.csproj", "{2EDAA81F-5D09-4E77-9299-1233AAC929C7}"
EndProject
Project("{9A19103F-16F7-4668-BE54-9A1E7A4F7556}") = "Api.Data.Test", "Api.Data.Test\Api.Data.Test.csproj", "{51F684EF-CCA4-4EF4-822A-6DB46BC1EDB7}"
EndProject
Global
	GlobalSection(SolutionConfigurationPlatforms) = preSolution
		Debug|Any CPU = Debug|Any CPU
		Debug|x64 = Debug|x64
		Debug|x86 = Debug|x86
		Release|Any CPU = Release|Any CPU
		Release|x64 = Release|x64
		Release|x86 = Release|x86
	EndGlobalSection
	GlobalSection(ProjectConfigurationPlatforms) = postSolution
		{257B3BFE-8B56-4B72-B1B2-AB2BC013A2D4}.Debug|Any CPU.ActiveCfg = Debug|Any CPU
		{257B3BFE-8B56-4B72-B1B2-AB2BC013A2D4}.Debug|Any CPU.Build.0 = Debug|Any CPU
		{257B3BFE-8B56-4B72-B1B2-AB2BC013A2D4}.Debug|x64.ActiveCfg = Debug|Any CPU
		{257B3BFE-8B56-4B72-B1B2-AB2BC013A2D4}.Debug|x64.Build.0 = Debug|Any CPU
		{257B3BFE-8B56-4B72-B1B2-AB2BC013A2D4}.Debug|x86.ActiveCfg = Debug|Any CPU
		{257B3BFE-8B56-4B72-B1B2-AB2BC013A2D4}.Debug|x86.Build.0 = Debug|Any CPU
		{257B3BFE-8B56-4B72-B1B2-AB2BC013A2D4}.Release|Any CPU.ActiveCfg = Release|Any CPU
		{257B3BFE-8B56-4B72-B1B2-AB2BC013A2D4}.Release|Any CPU.Build.0 = Release|Any CPU
		{257B3BFE-8B56-4B72-B1B2-AB2BC013A2D4}.Release|x64.ActiveCfg = Release|Any CPU
		{257B3BFE-8B56-4B72-B1B2-AB2BC013A2D4}.Release|x64.Build.0 = Release|Any CPU
		{257B3BFE-8B56-4B72-B1B2-AB2BC013A2D4}.Release|x86.ActiveCfg = Release|Any CPU
		{257B3BFE-8B56-4B72-B1B2-AB2BC013A2D4}.Release|x86.Build.0 = Release|Any CPU
		{12D07A4D-98F3-4EF8-8646-6B8CC4DA320F}.Debug|Any CPU.ActiveCfg = Debug|Any CPU
		{12D07A4D-98F3-4EF8-8646-6B8CC4DA320F}.Debug|Any CPU.Build.0 = Debug|Any CPU
		{12D07A4D-98F3-4EF8-8646-6B8CC4DA320F}.Debug|x64.ActiveCfg = Debug|Any CPU
		{12D07A4D-98F3-4EF8-8646-6B8CC4DA320F}.Debug|x64.Build.0 = Debug|Any CPU
		{12D07A4D-98F3-4EF8-8646-6B8CC4DA320F}.Debug|x86.ActiveCfg = Debug|Any CPU
		{12D07A4D-98F3-4EF8-8646-6B8CC4DA320F}.Debug|x86.Build.0 = Debug|Any CPU
		{12D07A4D-98F3-4EF8-8646-6B8CC4DA320F}.Release|Any CPU.ActiveCfg = Release|Any CPU
		{12D07A4D-98F3-4EF8-8646-6B8CC4DA320F}.Release|Any CPU.Build.0 = Release|Any CPU
		{12D07A4D-98F3-4EF8-8646-6B8CC4DA320F}.Release|x64.ActiveCfg = Release|Any CPU
		{12D07A4D-98F3-4EF8-8646-6B8CC4DA320F}.Release|x64.Build.0 = Release|Any CPU
		{12D07A4D-98F3-4EF8-8646-6B8CC4DA320F}.Release|x86.ActiveCfg = Release|Any CPU
		{12D07A4D-98F3-4EF8-8646-6B8CC4DA320F}.Release|x86.Build.0 = Release|Any CPU
		{307B22CC-91E4-4424-8CE3-FA0C867726FB}.Debug|Any CPU.ActiveCfg = Debug|Any CPU
		{307B22CC-91E4-4424-8CE3-FA0C867726FB}.Debug|Any CPU.Build.0 = Debug|Any CPU
		{307B22CC-91E4-4424-8CE3-FA0C867726FB}.Debug|x64.ActiveCfg = Debug|Any CPU
		{307B22CC-91E4-4424-8CE3-FA0C867726FB}.Debug|x64.Build.0 = Debug|Any CPU
		{307B22CC-91E4-4424-8CE3-FA0C867726FB}.Debug|x86.ActiveCfg = Debug|Any CPU
		{307B22CC-91E4-4424-8CE3-FA0C867726FB}.Debug|x86.Build.0 = Debug|Any CPU
		{307B22CC-91E4-4424-8CE3-FA0C867726FB}.Release|Any CPU.ActiveCfg = Release|Any CPU
		{307B22CC-91E4-4424-8CE3-FA0C867726FB}.Release|Any CPU.Build.0 = Release|Any CPU
		{307B22CC-91E4-4424-8CE3-FA0C867726FB}.Release|x64.ActiveCfg = Release|Any CPU
		{307B22CC-91E4-4424-8CE3-FA0C867726FB}.Release|x64.Build.0 = Release|Any CPU
		{307B22CC-91E4-4424-8CE3-FA0C867726FB}.Release|x86.ActiveCfg = Release|Any CPU
		{307B22CC-91E4-4424-8CE3-FA0C867726FB}.Release|x86.Build.0 = Release|Any CPU
		{A5D74570-92CF-4C21-A915-DFC3C85AE554}.Debug|Any CPU.ActiveCfg = Debug|Any CPU
		{A5D74570-92CF-4C21-A915-DFC3C85AE554}.Debug|Any CPU.Build.0 = Debug|Any CPU
		{A5D74570-92CF-4C21-A915-DFC3C85AE554}.Debug|x64.ActiveCfg = Debug|Any CPU
		{A5D74570-92CF-4C21-A915-DFC3C85AE554}.Debug|x64.Build.0 = Debug|Any CPU
		{A5D74570-92CF-4C21-A915-DFC3C85AE554}.Debug|x86.ActiveCfg = Debug|Any CPU
		{A5D74570-92CF-4C21-A915-DFC3C85AE554}.Debug|x86.Build.0 = Debug|Any CPU
		{A5D74570-92CF-4C21-A915-DFC3C85AE554}.Release|Any CPU.ActiveCfg = Release|Any CPU
		{A5D74570-92CF-4C21-A915-DFC3C85AE554}.Release|Any CPU.Build.0 = Release|Any CPU
		{A5D74570-92CF-4C21-A915-DFC3C85AE554}.Release|x64.ActiveCfg = Release|Any CPU
		{A5D74570-92CF-4C21-A915-DFC3C85AE554}.Release|x64.Build.0 = Release|Any CPU
		{A5D74570-92CF-4C21-A915-DFC3C85AE554}.Release|x86.ActiveCfg = Release|Any CPU
		{A5D74570-92CF-4C21-A915-DFC3C85AE554}.Release|x86.Build.0 = Release|Any CPU
		{1CFC54CF-B8C2-4537-ADBD-693E7196DD70}.Debug|Any CPU.ActiveCfg = Debug|Any CPU
		{1CFC54CF-B8C2-4537-ADBD-693E7196DD70}.Debug|Any CPU.Build.0 = Debug|Any CPU
		{1CFC54CF-B8C2-4537-ADBD-693E7196DD70}.Debug|x64.ActiveCfg = Debug|Any CPU
		{1CFC54CF-B8C2-4537-ADBD-693E7196DD70}.Debug|x64.Build.0 = Debug|Any CPU
		{1CFC54CF-B8C2-4537-ADBD-693E7196DD70}.Debug|x86.ActiveCfg = Debug|Any CPU
		{1CFC54CF-B8C2-4537-ADBD-693E7196DD70}.Debug|x86.Build.0 = Debug|Any CPU
		{1CFC54CF-B8C2-4537-ADBD-693E7196DD70}.Release|Any CPU.ActiveCfg = Release|Any CPU
		{1CFC54CF-B8C2-4537-ADBD-693E7196DD70}.Release|Any CPU.Build.0 = Release|Any CPU
		{1CFC54CF-B8C2-4537-ADBD-693E7196DD70}.Release|x64.ActiveCfg = Release|Any CPU
		{1CFC54CF-B8C2-4537-ADBD-693E7196DD70}.Release|x64.Build.0 = Release|Any CPU
		{1CFC54CF-B8C2-4537-ADBD-693E7196DD70}.Release|x86.ActiveCfg = Release|Any CPU
		{1CFC54CF-B8C2-4537-ADBD-693E7196DD70}.Release|x86.Build.0 = Release|Any CPU
		{2EDAA81F-5D09-4E77-9299-1233AAC929C7}.Debug|Any CPU.ActiveCfg = Debug|Any CPU
		{2EDAA81F-5D09-4E77-9299-1233AAC929C7}.Debug|Any CPU.Build.0 = Debug|Any CPU
		{2EDAA81F-5D09-4E77-9299-1233AAC929C7}.Debug|x64.ActiveCfg = Debug|Any CPU
		{2EDAA81F-5D09-4E77-9299-1233AAC929C7}.Debug|x64.Build.0 = Debug|Any CPU
		{2EDAA81F-5D09-4E77-9299-1233AAC929C7}.Debug|x86.ActiveCfg = Debug|Any CPU
		{2EDAA81F-5D09-4E77-9299-1233AAC929C7}.Debug|x86.Build.0 = Debug|Any CPU
		{2EDAA81F-5D09-4E77-9299-1233AAC929C7}.Release|Any CPU.ActiveCfg = Release|Any CPU
		{2EDAA81F-5D09-4E77-9299-1233AAC929C7}.Release|Any CPU.Build.0 = Release|Any CPU
		{2EDAA81F-5D09-4E77-9299-1233AAC929C7}.Release|x64.ActiveCfg = Release|Any CPU
		{2EDAA81F-5D09-4E77-9299-1233AAC929C7}.Release|x64.Build.0 = Release|Any CPU
		{2EDAA81F-5D09-4E77-9299-1233AAC929C7}.Release|x86.ActiveCfg = Release|Any CPU
		{2EDAA81F-5D09-4E77-9299-1233AAC929C7}.Release|x86.Build.0 = Release|Any CPU
		{51F684EF-CCA4-4EF4-822A-6DB46BC1EDB7}.Debug|Any CPU.ActiveCfg = Debug|Any CPU
		{51F684EF-CCA4-4EF4-822A-6DB46BC1EDB7}.Debug|Any CPU.Build.0 = Debug|Any CPU
		{51F684EF-CCA4-4EF4-822A-6DB46BC1EDB7}.Debug|x64.ActiveCfg = Debug|Any CPU
		{51F684EF-CCA4-4EF4-822A-6DB46BC1EDB7}.Debug|x64.Build.0 = Debug|Any CPU
		{51F684EF-CCA4-4EF4-822A-6DB46BC1EDB7}.Debug|x86.ActiveCfg = Debug|Any CPU
		{51F684EF-CCA4-4EF4-822A-6DB46BC1EDB7}.Debug|x86.Build.0 = Debug|Any CPU
		{51F684EF-CCA4-4EF4-822A-6DB46BC1EDB7}.Release|Any CPU.ActiveCfg = Release|Any CPU
		{51F684EF-CCA4-4EF4-822A-6DB46BC1EDB7}.Release|Any CPU.Build.0 = Release|Any CPU
		{51F684EF-CCA4-4EF4-822A-6DB46BC1EDB7}.Release|x64.ActiveCfg = Release|Any CPU
		{51F684EF-CCA4-4EF4-822A-6DB46BC1EDB7}.Release|x64.Build.0 = Release|Any CPU
		{51F684EF-CCA4-4EF4-822A-6DB46BC1EDB7}.Release|x86.ActiveCfg = Release|Any CPU
		{51F684EF-CCA4-4EF4-822A-6DB46BC1EDB7}.Release|x86.Build.0 = Release|Any CPU
	EndGlobalSection
	GlobalSection(SolutionProperties) = preSolution
		HideSolutionNode = FALSE
	EndGlobalSection
	GlobalSection(ExtensibilityGlobals) = postSolution
		SolutionGuid = {4ABE0922-AEE3-4069-8A6A-11B3DBEC66E9}
	EndGlobalSection
EndGlobal
